
Microsoft Visual Studio Solution File, Format Version 12.00
# Visual Studio Version 17
VisualStudioVersion = 17.0.31903.59
MinimumVisualStudioVersion = 10.0.40219.1
Project("{2150E333-8FDC-42A3-9474-1A3956D46DE8}") = "src", "src", "{827E0CD3-B72D-47B6-A68D-7590B98EB39B}"
EndProject
Project("{FAE04EC0-301F-11D3-BF4B-00C04F79EFBC}") = "Todo.Domain", "src\Todo.Domain\Todo.Domain.csproj", "{2C49CA45-DABA-46BE-86FD-BA42F9864134}"
EndProject
Project("{FAE04EC0-301F-11D3-BF4B-00C04F79EFBC}") = "Todo.Application", "src\Todo.Application\Todo.Application.csproj", "{A7054F67-AB0F-4B5C-9DBD-71F343238BDD}"
EndProject
Project("{FAE04EC0-301F-11D3-BF4B-00C04F79EFBC}") = "Todo.Infrastructure", "src\Todo.Infrastructure\Todo.Infrastructure.csproj", "{07214CDB-E9BF-45A3-B9A7-044DB02569FA}"
EndProject
Project("{FAE04EC0-301F-11D3-BF4B-00C04F79EFBC}") = "Todo.Api", "src\Todo.Api\Todo.Api.csproj", "{38EBBEE1-F319-4742-8E23-63462C844731}"
EndProject
Project("{2150E333-8FDC-42A3-9474-1A3956D46DE8}") = "tests", "tests", "{0AB3BF05-4346-4AA6-1389-037BE0695223}"
EndProject
Project("{FAE04EC0-301F-11D3-BF4B-00C04F79EFBC}") = "Todo.UnitTests", "tests\Todo.UnitTests\Todo.UnitTests.csproj", "{B8D15A62-B4B7-47C2-8E51-D45B40E36C62}"
EndProject
Project("{FAE04EC0-301F-11D3-BF4B-00C04F79EFBC}") = "Todo.IntegrationTests", "tests\Todo.IntegrationTests\Todo.IntegrationTests.csproj", "{119CDBC5-FCAD-4E5B-8146-2C3DB91E0723}"
EndProject
Project("{FAE04EC0-301F-11D3-BF4B-00C04F79EFBC}") = "Todo.SpecificationTests", "tests\Todo.SpecificationTests\Todo.SpecificationTests.csproj", "{52913EA4-3137-4A96-8662-7DF787931EDE}"
EndProject
Global
	GlobalSection(SolutionConfigurationPlatforms) = preSolution
		Debug|Any CPU = Debug|Any CPU
		Debug|x64 = Debug|x64
		Debug|x86 = Debug|x86
		Release|Any CPU = Release|Any CPU
		Release|x64 = Release|x64
		Release|x86 = Release|x86
	EndGlobalSection
	GlobalSection(ProjectConfigurationPlatforms) = postSolution
		{2C49CA45-DABA-46BE-86FD-BA42F9864134}.Debug|Any CPU.ActiveCfg = Debug|Any CPU
		{2C49CA45-DABA-46BE-86FD-BA42F9864134}.Debug|Any CPU.Build.0 = Debug|Any CPU
		{2C49CA45-DABA-46BE-86FD-BA42F9864134}.Debug|x64.ActiveCfg = Debug|Any CPU
		{2C49CA45-DABA-46BE-86FD-BA42F9864134}.Debug|x64.Build.0 = Debug|Any CPU
		{2C49CA45-DABA-46BE-86FD-BA42F9864134}.Debug|x86.ActiveCfg = Debug|Any CPU
		{2C49CA45-DABA-46BE-86FD-BA42F9864134}.Debug|x86.Build.0 = Debug|Any CPU
		{2C49CA45-DABA-46BE-86FD-BA42F9864134}.Release|Any CPU.ActiveCfg = Release|Any CPU
		{2C49CA45-DABA-46BE-86FD-BA42F9864134}.Release|Any CPU.Build.0 = Release|Any CPU
		{2C49CA45-DABA-46BE-86FD-BA42F9864134}.Release|x64.ActiveCfg = Release|Any CPU
		{2C49CA45-DABA-46BE-86FD-BA42F9864134}.Release|x64.Build.0 = Release|Any CPU
		{2C49CA45-DABA-46BE-86FD-BA42F9864134}.Release|x86.ActiveCfg = Release|Any CPU
		{2C49CA45-DABA-46BE-86FD-BA42F9864134}.Release|x86.Build.0 = Release|Any CPU
		{A7054F67-AB0F-4B5C-9DBD-71F343238BDD}.Debug|Any CPU.ActiveCfg = Debug|Any CPU
		{A7054F67-AB0F-4B5C-9DBD-71F343238BDD}.Debug|Any CPU.Build.0 = Debug|Any CPU
		{A7054F67-AB0F-4B5C-9DBD-71F343238BDD}.Debug|x64.ActiveCfg = Debug|Any CPU
		{A7054F67-AB0F-4B5C-9DBD-71F343238BDD}.Debug|x64.Build.0 = Debug|Any CPU
		{A7054F67-AB0F-4B5C-9DBD-71F343238BDD}.Debug|x86.ActiveCfg = Debug|Any CPU
		{A7054F67-AB0F-4B5C-9DBD-71F343238BDD}.Debug|x86.Build.0 = Debug|Any CPU
		{A7054F67-AB0F-4B5C-9DBD-71F343238BDD}.Release|Any CPU.ActiveCfg = Release|Any CPU
		{A7054F67-AB0F-4B5C-9DBD-71F343238BDD}.Release|Any CPU.Build.0 = Release|Any CPU
		{A7054F67-AB0F-4B5C-9DBD-71F343238BDD}.Release|x64.ActiveCfg = Release|Any CPU
		{A7054F67-AB0F-4B5C-9DBD-71F343238BDD}.Release|x64.Build.0 = Release|Any CPU
		{A7054F67-AB0F-4B5C-9DBD-71F343238BDD}.Release|x86.ActiveCfg = Release|Any CPU
		{A7054F67-AB0F-4B5C-9DBD-71F343238BDD}.Release|x86.Build.0 = Release|Any CPU
		{07214CDB-E9BF-45A3-B9A7-044DB02569FA}.Debug|Any CPU.ActiveCfg = Debug|Any CPU
		{07214CDB-E9BF-45A3-B9A7-044DB02569FA}.Debug|Any CPU.Build.0 = Debug|Any CPU
		{07214CDB-E9BF-45A3-B9A7-044DB02569FA}.Debug|x64.ActiveCfg = Debug|Any CPU
		{07214CDB-E9BF-45A3-B9A7-044DB02569FA}.Debug|x64.Build.0 = Debug|Any CPU
		{07214CDB-E9BF-45A3-B9A7-044DB02569FA}.Debug|x86.ActiveCfg = Debug|Any CPU
		{07214CDB-E9BF-45A3-B9A7-044DB02569FA}.Debug|x86.Build.0 = Debug|Any CPU
		{07214CDB-E9BF-45A3-B9A7-044DB02569FA}.Release|Any CPU.ActiveCfg = Release|Any CPU
		{07214CDB-E9BF-45A3-B9A7-044DB02569FA}.Release|Any CPU.Build.0 = Release|Any CPU
		{07214CDB-E9BF-45A3-B9A7-044DB02569FA}.Release|x64.ActiveCfg = Release|Any CPU
		{07214CDB-E9BF-45A3-B9A7-044DB02569FA}.Release|x64.Build.0 = Release|Any CPU
		{07214CDB-E9BF-45A3-B9A7-044DB02569FA}.Release|x86.ActiveCfg = Release|Any CPU
		{07214CDB-E9BF-45A3-B9A7-044DB02569FA}.Release|x86.Build.0 = Release|Any CPU
		{38EBBEE1-F319-4742-8E23-63462C844731}.Debug|Any CPU.ActiveCfg = Debug|Any CPU
		{38EBBEE1-F319-4742-8E23-63462C844731}.Debug|Any CPU.Build.0 = Debug|Any CPU
		{38EBBEE1-F319-4742-8E23-63462C844731}.Debug|x64.ActiveCfg = Debug|Any CPU
		{38EBBEE1-F319-4742-8E23-63462C844731}.Debug|x64.Build.0 = Debug|Any CPU
		{38EBBEE1-F319-4742-8E23-63462C844731}.Debug|x86.ActiveCfg = Debug|Any CPU
		{38EBBEE1-F319-4742-8E23-63462C844731}.Debug|x86.Build.0 = Debug|Any CPU
		{38EBBEE1-F319-4742-8E23-63462C844731}.Release|Any CPU.ActiveCfg = Release|Any CPU
		{38EBBEE1-F319-4742-8E23-63462C844731}.Release|Any CPU.Build.0 = Release|Any CPU
		{38EBBEE1-F319-4742-8E23-63462C844731}.Release|x64.ActiveCfg = Release|Any CPU
		{38EBBEE1-F319-4742-8E23-63462C844731}.Release|x64.Build.0 = Release|Any CPU
		{38EBBEE1-F319-4742-8E23-63462C844731}.Release|x86.ActiveCfg = Release|Any CPU
		{38EBBEE1-F319-4742-8E23-63462C844731}.Release|x86.Build.0 = Release|Any CPU
		{B8D15A62-B4B7-47C2-8E51-D45B40E36C62}.Debug|Any CPU.ActiveCfg = Debug|Any CPU
		{B8D15A62-B4B7-47C2-8E51-D45B40E36C62}.Debug|Any CPU.Build.0 = Debug|Any CPU
		{B8D15A62-B4B7-47C2-8E51-D45B40E36C62}.Debug|x64.ActiveCfg = Debug|Any CPU
		{B8D15A62-B4B7-47C2-8E51-D45B40E36C62}.Debug|x64.Build.0 = Debug|Any CPU
		{B8D15A62-B4B7-47C2-8E51-D45B40E36C62}.Debug|x86.ActiveCfg = Debug|Any CPU
		{B8D15A62-B4B7-47C2-8E51-D45B40E36C62}.Debug|x86.Build.0 = Debug|Any CPU
		{B8D15A62-B4B7-47C2-8E51-D45B40E36C62}.Release|Any CPU.ActiveCfg = Release|Any CPU
		{B8D15A62-B4B7-47C2-8E51-D45B40E36C62}.Release|Any CPU.Build.0 = Release|Any CPU
		{B8D15A62-B4B7-47C2-8E51-D45B40E36C62}.Release|x64.ActiveCfg = Release|Any CPU
		{B8D15A62-B4B7-47C2-8E51-D45B40E36C62}.Release|x64.Build.0 = Release|Any CPU
		{B8D15A62-B4B7-47C2-8E51-D45B40E36C62}.Release|x86.ActiveCfg = Release|Any CPU
		{B8D15A62-B4B7-47C2-8E51-D45B40E36C62}.Release|x86.Build.0 = Release|Any CPU
		{119CDBC5-FCAD-4E5B-8146-2C3DB91E0723}.Debug|Any CPU.ActiveCfg = Debug|Any CPU
		{119CDBC5-FCAD-4E5B-8146-2C3DB91E0723}.Debug|Any CPU.Build.0 = Debug|Any CPU
		{119CDBC5-FCAD-4E5B-8146-2C3DB91E0723}.Debug|x64.ActiveCfg = Debug|Any CPU
		{119CDBC5-FCAD-4E5B-8146-2C3DB91E0723}.Debug|x64.Build.0 = Debug|Any CPU
		{119CDBC5-FCAD-4E5B-8146-2C3DB91E0723}.Debug|x86.ActiveCfg = Debug|Any CPU
		{119CDBC5-FCAD-4E5B-8146-2C3DB91E0723}.Debug|x86.Build.0 = Debug|Any CPU
		{119CDBC5-FCAD-4E5B-8146-2C3DB91E0723}.Release|Any CPU.ActiveCfg = Release|Any CPU
		{119CDBC5-FCAD-4E5B-8146-2C3DB91E0723}.Release|Any CPU.Build.0 = Release|Any CPU
		{119CDBC5-FCAD-4E5B-8146-2C3DB91E0723}.Release|x64.ActiveCfg = Release|Any CPU
		{119CDBC5-FCAD-4E5B-8146-2C3DB91E0723}.Release|x64.Build.0 = Release|Any CPU
		{119CDBC5-FCAD-4E5B-8146-2C3DB91E0723}.Release|x86.ActiveCfg = Release|Any CPU
		{119CDBC5-FCAD-4E5B-8146-2C3DB91E0723}.Release|x86.Build.0 = Release|Any CPU
		{52913EA4-3137-4A96-8662-7DF787931EDE}.Debug|Any CPU.ActiveCfg = Debug|Any CPU
		{52913EA4-3137-4A96-8662-7DF787931EDE}.Debug|Any CPU.Build.0 = Debug|Any CPU
		{52913EA4-3137-4A96-8662-7DF787931EDE}.Debug|x64.ActiveCfg = Debug|Any CPU
		{52913EA4-3137-4A96-8662-7DF787931EDE}.Debug|x64.Build.0 = Debug|Any CPU
		{52913EA4-3137-4A96-8662-7DF787931EDE}.Debug|x86.ActiveCfg = Debug|Any CPU
		{52913EA4-3137-4A96-8662-7DF787931EDE}.Debug|x86.Build.0 = Debug|Any CPU
		{52913EA4-3137-4A96-8662-7DF787931EDE}.Release|Any CPU.ActiveCfg = Release|Any CPU
		{52913EA4-3137-4A96-8662-7DF787931EDE}.Release|Any CPU.Build.0 = Release|Any CPU
		{52913EA4-3137-4A96-8662-7DF787931EDE}.Release|x64.ActiveCfg = Release|Any CPU
		{52913EA4-3137-4A96-8662-7DF787931EDE}.Release|x64.Build.0 = Release|Any CPU
		{52913EA4-3137-4A96-8662-7DF787931EDE}.Release|x86.ActiveCfg = Release|Any CPU
		{52913EA4-3137-4A96-8662-7DF787931EDE}.Release|x86.Build.0 = Release|Any CPU
	EndGlobalSection
	GlobalSection(SolutionProperties) = preSolution
		HideSolutionNode = FALSE
	EndGlobalSection
	GlobalSection(NestedProjects) = preSolution
		{2C49CA45-DABA-46BE-86FD-BA42F9864134} = {827E0CD3-B72D-47B6-A68D-7590B98EB39B}
		{A7054F67-AB0F-4B5C-9DBD-71F343238BDD} = {827E0CD3-B72D-47B6-A68D-7590B98EB39B}
		{07214CDB-E9BF-45A3-B9A7-044DB02569FA} = {827E0CD3-B72D-47B6-A68D-7590B98EB39B}
		{38EBBEE1-F319-4742-8E23-63462C844731} = {827E0CD3-B72D-47B6-A68D-7590B98EB39B}
		{B8D15A62-B4B7-47C2-8E51-D45B40E36C62} = {0AB3BF05-4346-4AA6-1389-037BE0695223}
		{119CDBC5-FCAD-4E5B-8146-2C3DB91E0723} = {0AB3BF05-4346-4AA6-1389-037BE0695223}
		{52913EA4-3137-4A96-8662-7DF787931EDE} = {0AB3BF05-4346-4AA6-1389-037BE0695223}
	EndGlobalSection
EndGlobal
